// !$*UTF8*$!
{
	archiveVersion = 1;
	classes = {
	};
	objectVersion = 50;
	objects = {

/* Begin PBXBuildFile section */
		3324001D2212B49600D91011 /* AppDelegate.m in Sources */ = {isa = PBXBuildFile; fileRef = 3324001C2212B49600D91011 /* AppDelegate.m */; };
		332400202212B49600D91011 /* ViewController.m in Sources */ = {isa = PBXBuildFile; fileRef = 3324001F2212B49600D91011 /* ViewController.m */; };
		332400232212B49600D91011 /* Main.storyboard in Resources */ = {isa = PBXBuildFile; fileRef = 332400212212B49600D91011 /* Main.storyboard */; };
		332400252212B49A00D91011 /* Assets.xcassets in Resources */ = {isa = PBXBuildFile; fileRef = 332400242212B49A00D91011 /* Assets.xcassets */; };
		332400282212B49A00D91011 /* LaunchScreen.storyboard in Resources */ = {isa = PBXBuildFile; fileRef = 332400262212B49A00D91011 /* LaunchScreen.storyboard */; };
		3324002B2212B49A00D91011 /* main.m in Sources */ = {isa = PBXBuildFile; fileRef = 3324002A2212B49A00D91011 /* main.m */; };
/* End PBXBuildFile section */

/* Begin PBXFileReference section */
		332400182212B49600D91011 /* SKGCDTimerManager.m SKGCDTimerManager.app */ = {isa = PBXFileReference; explicitFileType = wrapper.application; includeInIndex = 0; path = "SKGCDTimerManager.m SKGCDTimerManager.app"; sourceTree = BUILT_PRODUCTS_DIR; };
		3324001B2212B49600D91011 /* AppDelegate.h */ = {isa = PBXFileReference; lastKnownFileType = sourcecode.c.h; path = AppDelegate.h; sourceTree = "<group>"; };
		3324001C2212B49600D91011 /* AppDelegate.m */ = {isa = PBXFileReference; lastKnownFileType = sourcecode.c.objc; path = AppDelegate.m; sourceTree = "<group>"; };
		3324001E2212B49600D91011 /* ViewController.h */ = {isa = PBXFileReference; lastKnownFileType = sourcecode.c.h; path = ViewController.h; sourceTree = "<group>"; };
		3324001F2212B49600D91011 /* ViewController.m */ = {isa = PBXFileReference; lastKnownFileType = sourcecode.c.objc; path = ViewController.m; sourceTree = "<group>"; };
		332400222212B49600D91011 /* Base */ = {isa = PBXFileReference; lastKnownFileType = file.storyboard; name = Base; path = Base.lproj/Main.storyboard; sourceTree = "<group>"; };
		332400242212B49A00D91011 /* Assets.xcassets */ = {isa = PBXFileReference; lastKnownFileType = folder.assetcatalog; path = Assets.xcassets; sourceTree = "<group>"; };
		332400272212B49A00D91011 /* Base */ = {isa = PBXFileReference; lastKnownFileType = file.storyboard; name = Base; path = Base.lproj/LaunchScreen.storyboard; sourceTree = "<group>"; };
		332400292212B49A00D91011 /* Info.plist */ = {isa = PBXFileReference; lastKnownFileType = text.plist.xml; path = Info.plist; sourceTree = "<group>"; };
		3324002A2212B49A00D91011 /* main.m */ = {isa = PBXFileReference; lastKnownFileType = sourcecode.c.objc; path = main.m; sourceTree = "<group>"; };
/* End PBXFileReference section */

/* Begin PBXFrameworksBuildPhase section */
		332400152212B49600D91011 /* Frameworks */ = {
			isa = PBXFrameworksBuildPhase;
			buildActionMask = 2147483647;
			files = (
			);
			runOnlyForDeploymentPostprocessing = 0;
		};
/* End PBXFrameworksBuildPhase section */

/* Begin PBXGroup section */
		3324000F2212B49600D91011 = {
			isa = PBXGroup;
			children = (
				3324001A2212B49600D91011 /* SKGCDTimerManager.m SKGCDTimerManager */,
				332400192212B49600D91011 /* Products */,
			);
			sourceTree = "<group>";
		};
		332400192212B49600D91011 /* Products */ = {
			isa = PBXGroup;
			children = (
				332400182212B49600D91011 /* SKGCDTimerManager.m SKGCDTimerManager.app */,
			);
			name = Products;
			sourceTree = "<group>";
		};
		3324001A2212B49600D91011 /* SKGCDTimerManager.m SKGCDTimerManager */ = {
			isa = PBXGroup;
			children = (
				3324001B2212B49600D91011 /* AppDelegate.h */,
				3324001C2212B49600D91011 /* AppDelegate.m */,
				3324001E2212B49600D91011 /* ViewController.h */,
				3324001F2212B49600D91011 /* ViewController.m */,
				332400212212B49600D91011 /* Main.storyboard */,
				332400242212B49A00D91011 /* Assets.xcassets */,
				332400262212B49A00D91011 /* LaunchScreen.storyboard */,
				332400292212B49A00D91011 /* Info.plist */,
				3324002A2212B49A00D91011 /* main.m */,
			);
			path = "SKGCDTimerManager.m SKGCDTimerManager";
			sourceTree = "<group>";
		};
/* End PBXGroup section */

/* Begin PBXNativeTarget section */
		332400172212B49600D91011 /* SKGCDTimerManager.m SKGCDTimerManager */ = {
			isa = PBXNativeTarget;
			buildConfigurationList = 3324002E2212B49A00D91011 /* Build configuration list for PBXNativeTarget "SKGCDTimerManager.m SKGCDTimerManager" */;
			buildPhases = (
				332400142212B49600D91011 /* Sources */,
				332400152212B49600D91011 /* Frameworks */,
				332400162212B49600D91011 /* Resources */,
			);
			buildRules = (
			);
			dependencies = (
			);
			name = "SKGCDTimerManager.m SKGCDTimerManager";
			productName = "SKGCDTimerManager.m SKGCDTimerManager";
			productReference = 332400182212B49600D91011 /* SKGCDTimerManager.m SKGCDTimerManager.app */;
			productType = "com.apple.product-type.application";
		};
/* End PBXNativeTarget section */

/* Begin PBXProject section */
		332400102212B49600D91011 /* Project object */ = {
			isa = PBXProject;
			attributes = {
				LastUpgradeCheck = 1010;
				TargetAttributes = {
					332400172212B49600D91011 = {
						CreatedOnToolsVersion = 10.1;
					};
				};
			};
			buildConfigurationList = 332400132212B49600D91011 /* Build configuration list for PBXProject "SKGCDTimerManager.m SKGCDTimerManager" */;
			compatibilityVersion = "Xcode 9.3";
			developmentRegion = en;
			hasScannedForEncodings = 0;
			knownRegions = (
				en,
				Base,
			);
			mainGroup = 3324000F2212B49600D91011;
			productRefGroup = 332400192212B49600D91011 /* Products */;
			projectDirPath = "";
			projectRoot = "";
			targets = (
				332400172212B49600D91011 /* SKGCDTimerManager.m SKGCDTimerManager */,
			);
		};
/* End PBXProject section */

/* Begin PBXResourcesBuildPhase section */
		332400162212B49600D91011 /* Resources */ = {
			isa = PBXResourcesBuildPhase;
			buildActionMask = 2147483647;
			files = (
				332400282212B49A00D91011 /* LaunchScreen.storyboard in Resources */,
				332400252212B49A00D91011 /* Assets.xcassets in Resources */,
				332400232212B49600D91011 /* Main.storyboard in Resources */,
			);
			runOnlyForDeploymentPostprocessing = 0;
		};
/* End PBXResourcesBuildPhase section */

/* Begin PBXSourcesBuildPhase section */
		332400142212B49600D91011 /* Sources */ = {
			isa = PBXSourcesBuildPhase;
			buildActionMask = 2147483647;
			files = (
				332400202212B49600D91011 /* ViewController.m in Sources */,
				3324002B2212B49A00D91011 /* main.m in Sources */,
				3324001D2212B49600D91011 /* AppDelegate.m in Sources */,
			);
			runOnlyForDeploymentPostprocessing = 0;
		};
/* End PBXSourcesBuildPhase section */

/* Begin PBXVariantGroup section */
		332400212212B49600D91011 /* Main.storyboard */ = {
			isa = PBXVariantGroup;
			children = (
				332400222212B49600D91011 /* Base */,
			);
			name = Main.storyboard;
			sourceTree = "<group>";
		};
		332400262212B49A00D91011 /* LaunchScreen.storyboard */ = {
			isa = PBXVariantGroup;
			children = (
				332400272212B49A00D91011 /* Base */,
			);
			name = LaunchScreen.storyboard;
			sourceTree = "<group>";
		};
/* End PBXVariantGroup section */

/* Begin XCBuildConfiguration section */
		3324002C2212B49A00D91011 /* Debug */ = {
			isa = XCBuildConfiguration;
			buildSettings = {
				ALWAYS_SEARCH_USER_PATHS = NO;
				CLANG_ANALYZER_NONNULL = YES;
				CLANG_ANALYZER_NUMBER_OBJECT_CONVERSION = YES_AGGRESSIVE;
				CLANG_CXX_LANGUAGE_STANDARD = "gnu++14";
				CLANG_CXX_LIBRARY = "libc++";
				CLANG_ENABLE_MODULES = YES;
				CLANG_ENABLE_OBJC_ARC = YES;
				CLANG_ENABLE_OBJC_WEAK = YES;
				CLANG_WARN_BLOCK_CAPTURE_AUTORELEASING = YES;
				CLANG_WARN_BOOL_CONVERSION = YES;
				CLANG_WARN_COMMA = YES;
				CLANG_WARN_CONSTANT_CONVERSION = YES;
				CLANG_WARN_DEPRECATED_OBJC_IMPLEMENTATIONS = YES;
				CLANG_WARN_DIRECT_OBJC_ISA_USAGE = YES_ERROR;
				CLANG_WARN_DOCUMENTATION_COMMENTS = YES;
				CLANG_WARN_EMPTY_BODY = YES;
				CLANG_WARN_ENUM_CONVERSION = YES;
				CLANG_WARN_INFINITE_RECURSION = YES;
				CLANG_WARN_INT_CONVERSION = YES;
				CLANG_WARN_NON_LITERAL_NULL_CONVERSION = YES;
				CLANG_WARN_OBJC_IMPLICIT_RETAIN_SELF = YES;
				CLANG_WARN_OBJC_LITERAL_CONVERSION = YES;
				CLANG_WARN_OBJC_ROOT_CLASS = YES_ERROR;
				CLANG_WARN_RANGE_LOOP_ANALYSIS = YES;
				CLANG_WARN_STRICT_PROTOTYPES = YES;
				CLANG_WARN_SUSPICIOUS_MOVE = YES;
				CLANG_WARN_UNGUARDED_AVAILABILITY = YES_AGGRESSIVE;
				CLANG_WARN_UNREACHABLE_CODE = YES;
				CLANG_WARN__DUPLICATE_METHOD_MATCH = YES;
				CODE_SIGN_IDENTITY = "iPhone Developer";
				COPY_PHASE_STRIP = NO;
				DEBUG_INFORMATION_FORMAT = dwarf;
				ENABLE_STRICT_OBJC_MSGSEND = YES;
				ENABLE_TESTABILITY = YES;
				GCC_C_LANGUAGE_STANDARD = gnu11;
				GCC_DYNAMIC_NO_PIC = NO;
				GCC_NO_COMMON_BLOCKS = YES;
				GCC_OPTIMIZATION_LEVEL = 0;
				GCC_PREPROCESSOR_DEFINITIONS = (
					"DEBUG=1",
					"$(inherited)",
				);
				GCC_WARN_64_TO_32_BIT_CONVERSION = YES;
				GCC_WARN_ABOUT_RETURN_TYPE = YES_ERROR;
				GCC_WARN_UNDECLARED_SELECTOR = YES;
				GCC_WARN_UNINITIALIZED_AUTOS = YES_AGGRESSIVE;
				GCC_WARN_UNUSED_FUNCTION = YES;
				GCC_WARN_UNUSED_VARIABLE = YES;
				IPHONEOS_DEPLOYMENT_TARGET = 12.1;
				MTL_ENABLE_DEBUG_INFO = INCLUDE_SOURCE;
				MTL_FAST_MATH = YES;
				ONLY_ACTIVE_ARCH = YES;
				SDKROOT = iphoneos;
			};
			name = Debug;
		};
		3324002D2212B49A00D91011 /* Release */ = {
			isa = XCBuildConfiguration;
			buildSettings = {
				ALWAYS_SEARCH_USER_PATHS = NO;
				CLANG_ANALYZER_NONNULL = YES;
				CLANG_ANALYZER_NUMBER_OBJECT_CONVERSION = YES_AGGRESSIVE;
				CLANG_CXX_LANGUAGE_STANDARD = "gnu++14";
				CLANG_CXX_LIBRARY = "libc++";
				CLANG_ENABLE_MODULES = YES;
				CLANG_ENABLE_OBJC_ARC = YES;
				CLANG_ENABLE_OBJC_WEAK = YES;
				CLANG_WARN_BLOCK_CAPTURE_AUTORELEASING = YES;
				CLANG_WARN_BOOL_CONVERSION = YES;
				CLANG_WARN_COMMA = YES;
				CLANG_WARN_CONSTANT_CONVERSION = YES;
				CLANG_WARN_DEPRECATED_OBJC_IMPLEMENTATIONS = YES;
				CLANG_WARN_DIRECT_OBJC_ISA_USAGE = YES_ERROR;
				CLANG_WARN_DOCUMENTATION_COMMENTS = YES;
				CLANG_WARN_EMPTY_BODY = YES;
				CLANG_WARN_ENUM_CONVERSION = YES;
				CLANG_WARN_INFINITE_RECURSION = YES;
				CLANG_WARN_INT_CONVERSION = YES;
				CLANG_WARN_NON_LITERAL_NULL_CONVERSION = YES;
				CLANG_WARN_OBJC_IMPLICIT_RETAIN_SELF = YES;
				CLANG_WARN_OBJC_LITERAL_CONVERSION = YES;
				CLANG_WARN_OBJC_ROOT_CLASS = YES_ERROR;
				CLANG_WARN_RANGE_LOOP_ANALYSIS = YES;
				CLANG_WARN_STRICT_PROTOTYPES = YES;
				CLANG_WARN_SUSPICIOUS_MOVE = YES;
				CLANG_WARN_UNGUARDED_AVAILABILITY = YES_AGGRESSIVE;
				CLANG_WARN_UNREACHABLE_CODE = YES;
				CLANG_WARN__DUPLICATE_METHOD_MATCH = YES;
				CODE_SIGN_IDENTITY = "iPhone Developer";
				COPY_PHASE_STRIP = NO;
				DEBUG_INFORMATION_FORMAT = "dwarf-with-dsym";
				ENABLE_NS_ASSERTIONS = NO;
				ENABLE_STRICT_OBJC_MSGSEND = YES;
				GCC_C_LANGUAGE_STANDARD = gnu11;
				GCC_NO_COMMON_BLOCKS = YES;
				GCC_WARN_64_TO_32_BIT_CONVERSION = YES;
				GCC_WARN_ABOUT_RETURN_TYPE = YES_ERROR;
				GCC_WARN_UNDECLARED_SELECTOR = YES;
				GCC_WARN_UNINITIALIZED_AUTOS = YES_AGGRESSIVE;
				GCC_WARN_UNUSED_FUNCTION = YES;
				GCC_WARN_UNUSED_VARIABLE = YES;
				IPHONEOS_DEPLOYMENT_TARGET = 12.1;
				MTL_ENABLE_DEBUG_INFO = NO;
				MTL_FAST_MATH = YES;
				SDKROOT = iphoneos;
				VALIDATE_PRODUCT = YES;
			};
			name = Release;
		};
		3324002F2212B49A00D91011 /* Debug */ = {
			isa = XCBuildConfiguration;
			buildSettings = {
				ASSETCATALOG_COMPILER_APPICON_NAME = AppIcon;
				CODE_SIGN_STYLE = Automatic;
				DEVELOPMENT_TEAM = 4BDKXMPX7Y;
				INFOPLIST_FILE = "SKGCDTimerManager.m SKGCDTimerManager/Info.plist";
				LD_RUNPATH_SEARCH_PATHS = (
					"$(inherited)",
					"@executable_path/Frameworks",
				);
				PRODUCT_BUNDLE_IDENTIFIER = "sky.SKGCDTimerManager-m-SKGCDTimerManager";
				PRODUCT_NAME = "$(TARGET_NAME)";
				TARGETED_DEVICE_FAMILY = "1,2";
			};
			name = Debug;
		};
		332400302212B49A00D91011 /* Release */ = {
			isa = XCBuildConfiguration;
			buildSettings = {
				ASSETCATALOG_COMPILER_APPICON_NAME = AppIcon;
				CODE_SIGN_STYLE = Automatic;
				DEVELOPMENT_TEAM = 4BDKXMPX7Y;
				INFOPLIST_FILE = "SKGCDTimerManager.m SKGCDTimerManager/Info.plist";
				LD_RUNPATH_SEARCH_PATHS = (
					"$(inherited)",
					"@executable_path/Frameworks",
				);
				PRODUCT_BUNDLE_IDENTIFIER = "sky.SKGCDTimerManager-m-SKGCDTimerManager";
				PRODUCT_NAME = "$(TARGET_NAME)";
				TARGETED_DEVICE_FAMILY = "1,2";
			};
			name = Release;
		};
/* End XCBuildConfiguration section */

/* Begin XCConfigurationList section */
		332400132212B49600D91011 /* Build configuration list for PBXProject "SKGCDTimerManager.m SKGCDTimerManager" */ = {
			isa = XCConfigurationList;
			buildConfigurations = (
				3324002C2212B49A00D91011 /* Debug */,
				3324002D2212B49A00D91011 /* Release */,
			);
			defaultConfigurationIsVisible = 0;
			defaultConfigurationName = Release;
		};
		3324002E2212B49A00D91011 /* Build configuration list for PBXNativeTarget "SKGCDTimerManager.m SKGCDTimerManager" */ = {
			isa = XCConfigurationList;
			buildConfigurations = (
				3324002F2212B49A00D91011 /* Debug */,
				332400302212B49A00D91011 /* Release */,
			);
			defaultConfigurationIsVisible = 0;
			defaultConfigurationName = Release;
		};
/* End XCConfigurationList section */
	};
	rootObject = 332400102212B49600D91011 /* Project object */;
}
